
Microsoft Visual Studio Solution File, Format Version 12.00
# Visual Studio 15
VisualStudioVersion = 15.0.26124.0
MinimumVisualStudioVersion = 15.0.26124.0
Project("{2150E333-8FDC-42A3-9474-1A3956D46DE8}") = "src", "src", "{EA59C1CB-16DA-4F68-AF8A-642A969B4CF8}"
EndProject
Project("{FAE04EC0-301F-11D3-BF4B-00C04F79EFBC}") = "EventStore.Client.UserManagement", "src\EventStore.Client.UserManagement\EventStore.Client.UserManagement.csproj", "{D3744A86-DD35-4104-AAEE-84B79062C4A2}"
EndProject
Project("{FAE04EC0-301F-11D3-BF4B-00C04F79EFBC}") = "EventStore.Client.Streams", "src\EventStore.Client.Streams\EventStore.Client.Streams.csproj", "{362C0CF9-81C9-400F-94C7-A8B190ECE94A}"
EndProject
Project("{FAE04EC0-301F-11D3-BF4B-00C04F79EFBC}") = "EventStore.Client.Operations", "src\EventStore.Client.Operations\EventStore.Client.Operations.csproj", "{6EFB980F-C72C-40F1-9232-479BE5617580}"
EndProject
Project("{FAE04EC0-301F-11D3-BF4B-00C04F79EFBC}") = "EventStore.Client.ProjectionManagement", "src\EventStore.Client.ProjectionManagement\EventStore.Client.ProjectionManagement.csproj", "{B275EF4B-80D3-4205-9C7A-337A2A2BD99C}"
EndProject
Project("{FAE04EC0-301F-11D3-BF4B-00C04F79EFBC}") = "EventStore.Client.PersistentSubscriptions", "src\EventStore.Client.PersistentSubscriptions\EventStore.Client.PersistentSubscriptions.csproj", "{66FDEE78-836E-49F0-A4DD-BF7539C34E54}"
EndProject
Project("{FAE04EC0-301F-11D3-BF4B-00C04F79EFBC}") = "EventStore.Client", "src\EventStore.Client\EventStore.Client.csproj", "{8853D875-4A8E-450B-A1BE-9CEF8BEDABC3}"
EndProject
Project("{2150E333-8FDC-42A3-9474-1A3956D46DE8}") = "test", "test", "{C51F2C69-45A9-4D0D-A708-4FC319D5D340}"
EndProject
Project("{FAE04EC0-301F-11D3-BF4B-00C04F79EFBC}") = "EventStore.Client.ProjectionManagement.Tests", "test\EventStore.Client.ProjectionManagement.Tests\EventStore.Client.ProjectionManagement.Tests.csproj", "{8F8548D6-694C-4BAE-9EF3-A020140E04C7}"
EndProject
Project("{FAE04EC0-301F-11D3-BF4B-00C04F79EFBC}") = "EventStore.Client.Operations.Tests", "test\EventStore.Client.Operations.Tests\EventStore.Client.Operations.Tests.csproj", "{4BA2E05E-6B45-47C3-9001-8B039244ECA9}"
EndProject
Project("{FAE04EC0-301F-11D3-BF4B-00C04F79EFBC}") = "EventStore.Client.Streams.Tests", "test\EventStore.Client.Streams.Tests\EventStore.Client.Streams.Tests.csproj", "{082C77F5-4FF5-41D4-A1F1-710F05956E1C}"
EndProject
Project("{FAE04EC0-301F-11D3-BF4B-00C04F79EFBC}") = "EventStore.Client.Tests", "test\EventStore.Client.Tests\EventStore.Client.Tests.csproj", "{FC829F1B-43AD-4C96-9002-23D04BBA3AF3}"
EndProject
Project("{FAE04EC0-301F-11D3-BF4B-00C04F79EFBC}") = "EventStore.Client.PersistentSubscriptions.Tests", "test\EventStore.Client.PersistentSubscriptions.Tests\EventStore.Client.PersistentSubscriptions.Tests.csproj", "{6CEB731F-72E1-461F-A6B3-54DBF3FD786C}"
EndProject
Project("{FAE04EC0-301F-11D3-BF4B-00C04F79EFBC}") = "EventStore.Client.UserManagement.Tests", "test\EventStore.Client.UserManagement.Tests\EventStore.Client.UserManagement.Tests.csproj", "{22634CEE-4F7B-4679-A48D-38A2A8580ECA}"
EndProject
Project("{2150E333-8FDC-42A3-9474-1A3956D46DE8}") = "generators", "generators", "{57BAB29D-F8A8-47C7-B426-89A1929ADD70}"
EndProject
Project("{FAE04EC0-301F-11D3-BF4B-00C04F79EFBC}") = "EventStore.Tests.SourceGenerators", "generators\EventStore.Tests.SourceGenerators\EventStore.Tests.SourceGenerators.csproj", "{5912BD08-DA99-49B7-A2C0-C1BA42D209CB}"
EndProject
Project("{FAE04EC0-301F-11D3-BF4B-00C04F79EFBC}") = "EventStore.Client.Authorization", "src\EventStore.Client.Authorization\EventStore.Client.Authorization.csproj", "{A10D3AC8-DEC5-4E37-A5A4-3A07671265DD}"
EndProject
Global
	GlobalSection(SolutionConfigurationPlatforms) = preSolution
		Debug|x64 = Debug|x64
		Release|x64 = Release|x64
	EndGlobalSection
	GlobalSection(SolutionProperties) = preSolution
		HideSolutionNode = FALSE
	EndGlobalSection
	GlobalSection(ProjectConfigurationPlatforms) = postSolution
		{D3744A86-DD35-4104-AAEE-84B79062C4A2}.Debug|x64.ActiveCfg = Debug|Any CPU
		{D3744A86-DD35-4104-AAEE-84B79062C4A2}.Debug|x64.Build.0 = Debug|Any CPU
		{D3744A86-DD35-4104-AAEE-84B79062C4A2}.Release|x64.ActiveCfg = Release|Any CPU
		{D3744A86-DD35-4104-AAEE-84B79062C4A2}.Release|x64.Build.0 = Release|Any CPU
		{362C0CF9-81C9-400F-94C7-A8B190ECE94A}.Debug|x64.ActiveCfg = Debug|Any CPU
		{362C0CF9-81C9-400F-94C7-A8B190ECE94A}.Debug|x64.Build.0 = Debug|Any CPU
		{362C0CF9-81C9-400F-94C7-A8B190ECE94A}.Release|x64.ActiveCfg = Release|Any CPU
		{362C0CF9-81C9-400F-94C7-A8B190ECE94A}.Release|x64.Build.0 = Release|Any CPU
		{6EFB980F-C72C-40F1-9232-479BE5617580}.Debug|x64.ActiveCfg = Debug|Any CPU
		{6EFB980F-C72C-40F1-9232-479BE5617580}.Debug|x64.Build.0 = Debug|Any CPU
		{6EFB980F-C72C-40F1-9232-479BE5617580}.Release|x64.ActiveCfg = Release|Any CPU
		{6EFB980F-C72C-40F1-9232-479BE5617580}.Release|x64.Build.0 = Release|Any CPU
		{B275EF4B-80D3-4205-9C7A-337A2A2BD99C}.Debug|x64.ActiveCfg = Debug|Any CPU
		{B275EF4B-80D3-4205-9C7A-337A2A2BD99C}.Debug|x64.Build.0 = Debug|Any CPU
		{B275EF4B-80D3-4205-9C7A-337A2A2BD99C}.Release|x64.ActiveCfg = Release|Any CPU
		{B275EF4B-80D3-4205-9C7A-337A2A2BD99C}.Release|x64.Build.0 = Release|Any CPU
		{66FDEE78-836E-49F0-A4DD-BF7539C34E54}.Debug|x64.ActiveCfg = Debug|Any CPU
		{66FDEE78-836E-49F0-A4DD-BF7539C34E54}.Debug|x64.Build.0 = Debug|Any CPU
		{66FDEE78-836E-49F0-A4DD-BF7539C34E54}.Release|x64.ActiveCfg = Release|Any CPU
		{66FDEE78-836E-49F0-A4DD-BF7539C34E54}.Release|x64.Build.0 = Release|Any CPU
		{8853D875-4A8E-450B-A1BE-9CEF8BEDABC3}.Debug|x64.ActiveCfg = Debug|Any CPU
		{8853D875-4A8E-450B-A1BE-9CEF8BEDABC3}.Debug|x64.Build.0 = Debug|Any CPU
		{8853D875-4A8E-450B-A1BE-9CEF8BEDABC3}.Release|x64.ActiveCfg = Release|Any CPU
		{8853D875-4A8E-450B-A1BE-9CEF8BEDABC3}.Release|x64.Build.0 = Release|Any CPU
		{8F8548D6-694C-4BAE-9EF3-A020140E04C7}.Debug|x64.ActiveCfg = Debug|Any CPU
		{8F8548D6-694C-4BAE-9EF3-A020140E04C7}.Debug|x64.Build.0 = Debug|Any CPU
		{8F8548D6-694C-4BAE-9EF3-A020140E04C7}.Release|x64.ActiveCfg = Release|Any CPU
		{8F8548D6-694C-4BAE-9EF3-A020140E04C7}.Release|x64.Build.0 = Release|Any CPU
		{4BA2E05E-6B45-47C3-9001-8B039244ECA9}.Debug|x64.ActiveCfg = Debug|Any CPU
		{4BA2E05E-6B45-47C3-9001-8B039244ECA9}.Debug|x64.Build.0 = Debug|Any CPU
		{4BA2E05E-6B45-47C3-9001-8B039244ECA9}.Release|x64.ActiveCfg = Release|Any CPU
		{4BA2E05E-6B45-47C3-9001-8B039244ECA9}.Release|x64.Build.0 = Release|Any CPU
		{082C77F5-4FF5-41D4-A1F1-710F05956E1C}.Debug|x64.ActiveCfg = Debug|Any CPU
		{082C77F5-4FF5-41D4-A1F1-710F05956E1C}.Debug|x64.Build.0 = Debug|Any CPU
		{082C77F5-4FF5-41D4-A1F1-710F05956E1C}.Release|x64.ActiveCfg = Release|Any CPU
		{082C77F5-4FF5-41D4-A1F1-710F05956E1C}.Release|x64.Build.0 = Release|Any CPU
		{FC829F1B-43AD-4C96-9002-23D04BBA3AF3}.Debug|x64.ActiveCfg = Debug|Any CPU
		{FC829F1B-43AD-4C96-9002-23D04BBA3AF3}.Debug|x64.Build.0 = Debug|Any CPU
		{FC829F1B-43AD-4C96-9002-23D04BBA3AF3}.Release|x64.ActiveCfg = Release|Any CPU
		{FC829F1B-43AD-4C96-9002-23D04BBA3AF3}.Release|x64.Build.0 = Release|Any CPU
		{6CEB731F-72E1-461F-A6B3-54DBF3FD786C}.Debug|x64.ActiveCfg = Debug|Any CPU
		{6CEB731F-72E1-461F-A6B3-54DBF3FD786C}.Debug|x64.Build.0 = Debug|Any CPU
		{6CEB731F-72E1-461F-A6B3-54DBF3FD786C}.Release|x64.ActiveCfg = Release|Any CPU
		{6CEB731F-72E1-461F-A6B3-54DBF3FD786C}.Release|x64.Build.0 = Release|Any CPU
		{22634CEE-4F7B-4679-A48D-38A2A8580ECA}.Debug|x64.ActiveCfg = Debug|Any CPU
		{22634CEE-4F7B-4679-A48D-38A2A8580ECA}.Debug|x64.Build.0 = Debug|Any CPU
		{22634CEE-4F7B-4679-A48D-38A2A8580ECA}.Release|x64.ActiveCfg = Release|Any CPU
		{22634CEE-4F7B-4679-A48D-38A2A8580ECA}.Release|x64.Build.0 = Release|Any CPU
		{5912BD08-DA99-49B7-A2C0-C1BA42D209CB}.Debug|x64.ActiveCfg = Debug|Any CPU
		{5912BD08-DA99-49B7-A2C0-C1BA42D209CB}.Debug|x64.Build.0 = Debug|Any CPU
		{5912BD08-DA99-49B7-A2C0-C1BA42D209CB}.Release|x64.ActiveCfg = Release|Any CPU
		{5912BD08-DA99-49B7-A2C0-C1BA42D209CB}.Release|x64.Build.0 = Release|Any CPU
		{A10D3AC8-DEC5-4E37-A5A4-3A07671265DD}.Debug|x64.ActiveCfg = Debug|Any CPU
		{A10D3AC8-DEC5-4E37-A5A4-3A07671265DD}.Debug|x64.Build.0 = Debug|Any CPU
		{A10D3AC8-DEC5-4E37-A5A4-3A07671265DD}.Release|x64.ActiveCfg = Release|Any CPU
		{A10D3AC8-DEC5-4E37-A5A4-3A07671265DD}.Release|x64.Build.0 = Release|Any CPU
	EndGlobalSection
	GlobalSection(NestedProjects) = preSolution
		{D3744A86-DD35-4104-AAEE-84B79062C4A2} = {EA59C1CB-16DA-4F68-AF8A-642A969B4CF8}
		{362C0CF9-81C9-400F-94C7-A8B190ECE94A} = {EA59C1CB-16DA-4F68-AF8A-642A969B4CF8}
		{6EFB980F-C72C-40F1-9232-479BE5617580} = {EA59C1CB-16DA-4F68-AF8A-642A969B4CF8}
		{B275EF4B-80D3-4205-9C7A-337A2A2BD99C} = {EA59C1CB-16DA-4F68-AF8A-642A969B4CF8}
		{66FDEE78-836E-49F0-A4DD-BF7539C34E54} = {EA59C1CB-16DA-4F68-AF8A-642A969B4CF8}
		{8853D875-4A8E-450B-A1BE-9CEF8BEDABC3} = {EA59C1CB-16DA-4F68-AF8A-642A969B4CF8}
		{8F8548D6-694C-4BAE-9EF3-A020140E04C7} = {C51F2C69-45A9-4D0D-A708-4FC319D5D340}
		{4BA2E05E-6B45-47C3-9001-8B039244ECA9} = {C51F2C69-45A9-4D0D-A708-4FC319D5D340}
		{082C77F5-4FF5-41D4-A1F1-710F05956E1C} = {C51F2C69-45A9-4D0D-A708-4FC319D5D340}
		{FC829F1B-43AD-4C96-9002-23D04BBA3AF3} = {C51F2C69-45A9-4D0D-A708-4FC319D5D340}
		{6CEB731F-72E1-461F-A6B3-54DBF3FD786C} = {C51F2C69-45A9-4D0D-A708-4FC319D5D340}
		{22634CEE-4F7B-4679-A48D-38A2A8580ECA} = {C51F2C69-45A9-4D0D-A708-4FC319D5D340}
		{5912BD08-DA99-49B7-A2C0-C1BA42D209CB} = {57BAB29D-F8A8-47C7-B426-89A1929ADD70}
		{A10D3AC8-DEC5-4E37-A5A4-3A07671265DD} = {EA59C1CB-16DA-4F68-AF8A-642A969B4CF8}
	EndGlobalSection
EndGlobal
