
Microsoft Visual Studio Solution File, Format Version 12.00
# Visual Studio Version 16
VisualStudioVersion = 16.0.31229.75
MinimumVisualStudioVersion = 10.0.40219.1
Project("{9A19103F-16F7-4668-BE54-9A1E7A4F7556}") = "quick-start", "quick-start\quick-start.csproj", "{521987E5-4394-4EE0-B217-E3DC9DB0D327}"
EndProject
Project("{2150E333-8FDC-42A3-9474-1A3956D46DE8}") = "client", "client", "{EBB93BBC-42A7-48E4-B1EA-0EA3953D347C}"
EndProject
Project("{9A19103F-16F7-4668-BE54-9A1E7A4F7556}") = "EventStore.Client.Streams", "..\src\EventStore.Client.Streams\EventStore.Client.Streams.csproj", "{A32CE3CB-AB71-45C6-A1B2-CD94BE2D2B28}"
EndProject
Project("{9A19103F-16F7-4668-BE54-9A1E7A4F7556}") = "EventStore.Client", "..\src\EventStore.Client\EventStore.Client.csproj", "{A71A13F7-8480-4E48-B88D-A2364F7C95B6}"
EndProject
Project("{9A19103F-16F7-4668-BE54-9A1E7A4F7556}") = "connecting-to-a-cluster", "connecting-to-a-cluster\connecting-to-a-cluster.csproj", "{C4CA324A-450D-4621-82F1-B4ECD18216B6}"
EndProject
Project("{9A19103F-16F7-4668-BE54-9A1E7A4F7556}") = "appending-events", "appending-events\appending-events.csproj", "{496D9886-AF65-4579-AECE-2C147B9AF3C1}"
EndProject
Project("{9A19103F-16F7-4668-BE54-9A1E7A4F7556}") = "secure-with-tls", "secure-with-tls\secure-with-tls.csproj", "{EF68E123-6187-48F3-B7E2-3EE826106B90}"
EndProject
Project("{9A19103F-16F7-4668-BE54-9A1E7A4F7556}") = "connecting-to-a-single-node", "connecting-to-a-single-node\connecting-to-a-single-node.csproj", "{BA92AA49-2DC6-44D3-AA5A-12438D06AA8F}"
EndProject
Project("{9A19103F-16F7-4668-BE54-9A1E7A4F7556}") = "setting-up-dependency-injection", "setting-up-dependency-injection\setting-up-dependency-injection.csproj", "{CE732D15-A9D7-430C-BD22-94B32739279E}"
EndProject
Project("{9A19103F-16F7-4668-BE54-9A1E7A4F7556}") = "subscribing-to-streams", "subscribing-to-streams\subscribing-to-streams.csproj", "{41284181-D49A-4D14-8616-2C8714A5C116}"
EndProject
Project("{9A19103F-16F7-4668-BE54-9A1E7A4F7556}") = "reading-events", "reading-events\reading-events.csproj", "{5B4989B1-71E2-4302-80BF-889B4B58776C}"
EndProject
Project("{9A19103F-16F7-4668-BE54-9A1E7A4F7556}") = "server-side-filtering", "server-side-filtering\server-side-filtering.csproj", "{9D555A19-A468-40AE-9453-EA9F64C25A21}"
EndProject
Project("{9A19103F-16F7-4668-BE54-9A1E7A4F7556}") = "persistent-subscriptions", "persistent-subscriptions\persistent-subscriptions.csproj", "{A5A5EF0D-1AE4-4647-823D-FA172E8858F2}"
EndProject
Project("{9A19103F-16F7-4668-BE54-9A1E7A4F7556}") = "EventStore.Client.PersistentSubscriptions", "..\src\EventStore.Client.PersistentSubscriptions\EventStore.Client.PersistentSubscriptions.csproj", "{7200BB01-A405-45D5-A6E8-A8FA8DE39DA0}"
EndProject
Project("{9A19103F-16F7-4668-BE54-9A1E7A4F7556}") = "EventStore.Client.ProjectionManagement", "..\src\EventStore.Client.ProjectionManagement\EventStore.Client.ProjectionManagement.csproj", "{79992D7B-C311-4E8A-856F-896C1EA61042}"
EndProject
Project("{FAE04EC0-301F-11D3-BF4B-00C04F79EFBC}") = "projection-management", "projection-management\projection-management.csproj", "{9DEA2684-C38B-465C-91A6-ED2AB67A4338}"
EndProject
Global
	GlobalSection(SolutionConfigurationPlatforms) = preSolution
		Debug|Any CPU = Debug|Any CPU
		Release|Any CPU = Release|Any CPU
	EndGlobalSection
	GlobalSection(ProjectConfigurationPlatforms) = postSolution
		{521987E5-4394-4EE0-B217-E3DC9DB0D327}.Debug|Any CPU.ActiveCfg = Debug|Any CPU
		{521987E5-4394-4EE0-B217-E3DC9DB0D327}.Debug|Any CPU.Build.0 = Debug|Any CPU
		{521987E5-4394-4EE0-B217-E3DC9DB0D327}.Release|Any CPU.ActiveCfg = Release|Any CPU
		{521987E5-4394-4EE0-B217-E3DC9DB0D327}.Release|Any CPU.Build.0 = Release|Any CPU
		{A32CE3CB-AB71-45C6-A1B2-CD94BE2D2B28}.Debug|Any CPU.ActiveCfg = Debug|Any CPU
		{A32CE3CB-AB71-45C6-A1B2-CD94BE2D2B28}.Debug|Any CPU.Build.0 = Debug|Any CPU
		{A32CE3CB-AB71-45C6-A1B2-CD94BE2D2B28}.Release|Any CPU.ActiveCfg = Release|Any CPU
		{A32CE3CB-AB71-45C6-A1B2-CD94BE2D2B28}.Release|Any CPU.Build.0 = Release|Any CPU
		{A71A13F7-8480-4E48-B88D-A2364F7C95B6}.Debug|Any CPU.ActiveCfg = Debug|Any CPU
		{A71A13F7-8480-4E48-B88D-A2364F7C95B6}.Debug|Any CPU.Build.0 = Debug|Any CPU
		{A71A13F7-8480-4E48-B88D-A2364F7C95B6}.Release|Any CPU.ActiveCfg = Release|Any CPU
		{A71A13F7-8480-4E48-B88D-A2364F7C95B6}.Release|Any CPU.Build.0 = Release|Any CPU
		{C4CA324A-450D-4621-82F1-B4ECD18216B6}.Debug|Any CPU.ActiveCfg = Debug|Any CPU
		{C4CA324A-450D-4621-82F1-B4ECD18216B6}.Debug|Any CPU.Build.0 = Debug|Any CPU
		{C4CA324A-450D-4621-82F1-B4ECD18216B6}.Release|Any CPU.ActiveCfg = Release|Any CPU
		{C4CA324A-450D-4621-82F1-B4ECD18216B6}.Release|Any CPU.Build.0 = Release|Any CPU
		{496D9886-AF65-4579-AECE-2C147B9AF3C1}.Debug|Any CPU.ActiveCfg = Debug|Any CPU
		{496D9886-AF65-4579-AECE-2C147B9AF3C1}.Debug|Any CPU.Build.0 = Debug|Any CPU
		{496D9886-AF65-4579-AECE-2C147B9AF3C1}.Release|Any CPU.ActiveCfg = Release|Any CPU
		{496D9886-AF65-4579-AECE-2C147B9AF3C1}.Release|Any CPU.Build.0 = Release|Any CPU
		{EF68E123-6187-48F3-B7E2-3EE826106B90}.Debug|Any CPU.ActiveCfg = Debug|Any CPU
		{EF68E123-6187-48F3-B7E2-3EE826106B90}.Debug|Any CPU.Build.0 = Debug|Any CPU
		{EF68E123-6187-48F3-B7E2-3EE826106B90}.Release|Any CPU.ActiveCfg = Release|Any CPU
		{EF68E123-6187-48F3-B7E2-3EE826106B90}.Release|Any CPU.Build.0 = Release|Any CPU
		{BA92AA49-2DC6-44D3-AA5A-12438D06AA8F}.Debug|Any CPU.ActiveCfg = Debug|Any CPU
		{BA92AA49-2DC6-44D3-AA5A-12438D06AA8F}.Debug|Any CPU.Build.0 = Debug|Any CPU
		{BA92AA49-2DC6-44D3-AA5A-12438D06AA8F}.Release|Any CPU.ActiveCfg = Release|Any CPU
		{BA92AA49-2DC6-44D3-AA5A-12438D06AA8F}.Release|Any CPU.Build.0 = Release|Any CPU
		{CE732D15-A9D7-430C-BD22-94B32739279E}.Debug|Any CPU.ActiveCfg = Debug|Any CPU
		{CE732D15-A9D7-430C-BD22-94B32739279E}.Debug|Any CPU.Build.0 = Debug|Any CPU
		{CE732D15-A9D7-430C-BD22-94B32739279E}.Release|Any CPU.ActiveCfg = Release|Any CPU
		{CE732D15-A9D7-430C-BD22-94B32739279E}.Release|Any CPU.Build.0 = Release|Any CPU
		{41284181-D49A-4D14-8616-2C8714A5C116}.Debug|Any CPU.ActiveCfg = Debug|Any CPU
		{41284181-D49A-4D14-8616-2C8714A5C116}.Debug|Any CPU.Build.0 = Debug|Any CPU
		{41284181-D49A-4D14-8616-2C8714A5C116}.Release|Any CPU.ActiveCfg = Release|Any CPU
		{41284181-D49A-4D14-8616-2C8714A5C116}.Release|Any CPU.Build.0 = Release|Any CPU
		{5B4989B1-71E2-4302-80BF-889B4B58776C}.Debug|Any CPU.ActiveCfg = Debug|Any CPU
		{5B4989B1-71E2-4302-80BF-889B4B58776C}.Debug|Any CPU.Build.0 = Debug|Any CPU
		{5B4989B1-71E2-4302-80BF-889B4B58776C}.Release|Any CPU.ActiveCfg = Release|Any CPU
		{5B4989B1-71E2-4302-80BF-889B4B58776C}.Release|Any CPU.Build.0 = Release|Any CPU
		{9D555A19-A468-40AE-9453-EA9F64C25A21}.Debug|Any CPU.ActiveCfg = Debug|Any CPU
		{9D555A19-A468-40AE-9453-EA9F64C25A21}.Debug|Any CPU.Build.0 = Debug|Any CPU
		{9D555A19-A468-40AE-9453-EA9F64C25A21}.Release|Any CPU.ActiveCfg = Release|Any CPU
		{9D555A19-A468-40AE-9453-EA9F64C25A21}.Release|Any CPU.Build.0 = Release|Any CPU
		{A5A5EF0D-1AE4-4647-823D-FA172E8858F2}.Debug|Any CPU.ActiveCfg = Debug|Any CPU
		{A5A5EF0D-1AE4-4647-823D-FA172E8858F2}.Debug|Any CPU.Build.0 = Debug|Any CPU
		{A5A5EF0D-1AE4-4647-823D-FA172E8858F2}.Release|Any CPU.ActiveCfg = Release|Any CPU
		{A5A5EF0D-1AE4-4647-823D-FA172E8858F2}.Release|Any CPU.Build.0 = Release|Any CPU
		{7200BB01-A405-45D5-A6E8-A8FA8DE39DA0}.Debug|Any CPU.ActiveCfg = Debug|Any CPU
		{7200BB01-A405-45D5-A6E8-A8FA8DE39DA0}.Debug|Any CPU.Build.0 = Debug|Any CPU
		{7200BB01-A405-45D5-A6E8-A8FA8DE39DA0}.Release|Any CPU.ActiveCfg = Release|Any CPU
		{7200BB01-A405-45D5-A6E8-A8FA8DE39DA0}.Release|Any CPU.Build.0 = Release|Any CPU
		{79992D7B-C311-4E8A-856F-896C1EA61042}.Debug|Any CPU.ActiveCfg = Debug|Any CPU
		{79992D7B-C311-4E8A-856F-896C1EA61042}.Debug|Any CPU.Build.0 = Debug|Any CPU
		{79992D7B-C311-4E8A-856F-896C1EA61042}.Release|Any CPU.ActiveCfg = Release|Any CPU
		{79992D7B-C311-4E8A-856F-896C1EA61042}.Release|Any CPU.Build.0 = Release|Any CPU
		{9DEA2684-C38B-465C-91A6-ED2AB67A4338}.Debug|Any CPU.ActiveCfg = Debug|Any CPU
		{9DEA2684-C38B-465C-91A6-ED2AB67A4338}.Debug|Any CPU.Build.0 = Debug|Any CPU
		{9DEA2684-C38B-465C-91A6-ED2AB67A4338}.Release|Any CPU.ActiveCfg = Release|Any CPU
		{9DEA2684-C38B-465C-91A6-ED2AB67A4338}.Release|Any CPU.Build.0 = Release|Any CPU
	EndGlobalSection
	GlobalSection(SolutionProperties) = preSolution
		HideSolutionNode = FALSE
	EndGlobalSection
	GlobalSection(NestedProjects) = preSolution
		{A32CE3CB-AB71-45C6-A1B2-CD94BE2D2B28} = {EBB93BBC-42A7-48E4-B1EA-0EA3953D347C}
		{A71A13F7-8480-4E48-B88D-A2364F7C95B6} = {EBB93BBC-42A7-48E4-B1EA-0EA3953D347C}
		{7200BB01-A405-45D5-A6E8-A8FA8DE39DA0} = {EBB93BBC-42A7-48E4-B1EA-0EA3953D347C}
		{79992D7B-C311-4E8A-856F-896C1EA61042} = {EBB93BBC-42A7-48E4-B1EA-0EA3953D347C}
	EndGlobalSection
	GlobalSection(ExtensibilityGlobals) = postSolution
		SolutionGuid = {2E7E3A6C-21DA-4DBD-9EB3-68DFC5CDE48F}
	EndGlobalSection
EndGlobal
